
Microsoft Visual Studio Solution File, Format Version 12.00
# Visual Studio Version 17
VisualStudioVersion = 17.4.33103.184
MinimumVisualStudioVersion = 10.0.40219.1
Project("{FAE04EC0-301F-11D3-BF4B-00C04F79EFBC}") = "DeploySimpleProjectOnServer", "DeploySimpleProjectOnServer\DeploySimpleProjectOnServer.csproj", "{A2FAC421-34D7-4B93-96DF-6462BE130824}"
EndProject
Global
	GlobalSection(SolutionConfigurationPlatforms) = preSolution
		Debug|Any CPU = Debug|Any CPU
		Release|Any CPU = Release|Any CPU
	EndGlobalSection
	GlobalSection(ProjectConfigurationPlatforms) = postSolution
		{A2FAC421-34D7-4B93-96DF-6462BE130824}.Debug|Any CPU.ActiveCfg = Debug|Any CPU
		{A2FAC421-34D7-4B93-96DF-6462BE130824}.Debug|Any CPU.Build.0 = Debug|Any CPU
		{A2FAC421-34D7-4B93-96DF-6462BE130824}.Release|Any CPU.ActiveCfg = Release|Any CPU
		{A2FAC421-34D7-4B93-96DF-6462BE130824}.Release|Any CPU.Build.0 = Release|Any CPU
	EndGlobalSection
	GlobalSection(SolutionProperties) = preSolution
		HideSolutionNode = FALSE
	EndGlobalSection
	GlobalSection(ExtensibilityGlobals) = postSolution
		SolutionGuid = {7F7D38AD-8305-4990-8B73-9FB21CF1DA87}
	EndGlobalSection
EndGlobal
